
Microsoft Visual Studio Solution File, Format Version 12.00
# Visual Studio Version 16
VisualStudioVersion = 16.0.30907.101
MinimumVisualStudioVersion = 10.0.40219.1
Project("{FAE04EC0-301F-11D3-BF4B-00C04F79EFBC}") = "MaterialEditorHelper", "src\MaterialEditorHelper.csproj", "{32DEB8CE-4AF2-4458-AC87-359508C0ADAE}"
EndProject
Global
	GlobalSection(SolutionConfigurationPlatforms) = preSolution
		Debug|Any CPU = Debug|Any CPU
		Release|Any CPU = Release|Any CPU
	EndGlobalSection
	GlobalSection(ProjectConfigurationPlatforms) = postSolution
		{32DEB8CE-4AF2-4458-AC87-359508C0ADAE}.Debug|Any CPU.ActiveCfg = Debug|Any CPU
		{32DEB8CE-4AF2-4458-AC87-359508C0ADAE}.Debug|Any CPU.Build.0 = Debug|Any CPU
		{32DEB8CE-4AF2-4458-AC87-359508C0ADAE}.Release|Any CPU.ActiveCfg = Release|Any CPU
		{32DEB8CE-4AF2-4458-AC87-359508C0ADAE}.Release|Any CPU.Build.0 = Release|Any CPU
	EndGlobalSection
	GlobalSection(SolutionProperties) = preSolution
		HideSolutionNode = FALSE
	EndGlobalSection
	GlobalSection(ExtensibilityGlobals) = postSolution
		SolutionGuid = {2D823F48-A5E8-4326-9912-0FA9A7F72E36}
	EndGlobalSection
EndGlobal
