
Microsoft Visual Studio Solution File, Format Version 12.00
# Visual Studio Version 16
VisualStudioVersion = 16.0.30204.135
MinimumVisualStudioVersion = 10.0.40219.1
Project("{FAE04EC0-301F-11D3-BF4B-00C04F79EFBC}") = "MakerBridge.AI", "src\MakerBridge.AI\MakerBridge.AI.csproj", "{858D3C30-B4C8-4C81-88E3-D569B61B0443}"
EndProject
Project("{FAE04EC0-301F-11D3-BF4B-00C04F79EFBC}") = "MakerBridge.HS2", "src\MakerBridge.HS2\MakerBridge.HS2.csproj", "{5AEB6F2E-8C40-4911-BBDB-FE5D967366A8}"
EndProject
Project("{2150E333-8FDC-42A3-9474-1A3956D46DE8}") = "MakerBridge", "MakerBridge", "{5DFE920E-1E91-43A1-A557-C06C8A418468}"
EndProject
Project("{D954291E-2A0B-460D-934E-DC6B0785DB48}") = "MakerBridge.AIalike", "src\MakerBridge.AIalike\MakerBridge.AIalike.shproj", "{3B6CD84F-6327-46B6-91E1-5EB972BC60FE}"
EndProject
Project("{D954291E-2A0B-460D-934E-DC6B0785DB48}") = "MakerBridge.Core", "src\MakerBridge.Core\MakerBridge.Core.shproj", "{6C50A378-A707-4AB1-9587-4585239ACE2D}"
EndProject
Project("{D954291E-2A0B-460D-934E-DC6B0785DB48}") = "Common.Core", "src\Common.Core\Common.Core.shproj", "{DD7D6945-54A6-4190-8F49-46A189EE32CD}"
EndProject
Global
	GlobalSection(SharedMSBuildProjectFiles) = preSolution
		src\MakerBridge.AIalike\MakerBridge.AIalike.projitems*{3b6cd84f-6327-46b6-91e1-5eb972bc60fe}*SharedItemsImports = 13
		src\Common.Core\Common.Core.projitems*{5aeb6f2e-8c40-4911-bbdb-fe5d967366a8}*SharedItemsImports = 4
		src\MakerBridge.AIalike\MakerBridge.AIalike.projitems*{5aeb6f2e-8c40-4911-bbdb-fe5d967366a8}*SharedItemsImports = 4
		src\MakerBridge.Core\MakerBridge.Core.projitems*{5aeb6f2e-8c40-4911-bbdb-fe5d967366a8}*SharedItemsImports = 4
		src\MakerBridge.Core\MakerBridge.Core.projitems*{6c50a378-a707-4ab1-9587-4585239ace2d}*SharedItemsImports = 13
		src\Common.Core\Common.Core.projitems*{858d3c30-b4c8-4c81-88e3-d569b61b0443}*SharedItemsImports = 4
		src\MakerBridge.AIalike\MakerBridge.AIalike.projitems*{858d3c30-b4c8-4c81-88e3-d569b61b0443}*SharedItemsImports = 4
		src\MakerBridge.Core\MakerBridge.Core.projitems*{858d3c30-b4c8-4c81-88e3-d569b61b0443}*SharedItemsImports = 4
		src\Common.Core\Common.Core.projitems*{dd7d6945-54a6-4190-8f49-46a189ee32cd}*SharedItemsImports = 13
	EndGlobalSection
	GlobalSection(SolutionConfigurationPlatforms) = preSolution
		Debug|Any CPU = Debug|Any CPU
		Release|Any CPU = Release|Any CPU
	EndGlobalSection
	GlobalSection(ProjectConfigurationPlatforms) = postSolution
		{858D3C30-B4C8-4C81-88E3-D569B61B0443}.Debug|Any CPU.ActiveCfg = Debug|Any CPU
		{858D3C30-B4C8-4C81-88E3-D569B61B0443}.Debug|Any CPU.Build.0 = Debug|Any CPU
		{858D3C30-B4C8-4C81-88E3-D569B61B0443}.Release|Any CPU.ActiveCfg = Release|Any CPU
		{858D3C30-B4C8-4C81-88E3-D569B61B0443}.Release|Any CPU.Build.0 = Release|Any CPU
		{5AEB6F2E-8C40-4911-BBDB-FE5D967366A8}.Debug|Any CPU.ActiveCfg = Debug|Any CPU
		{5AEB6F2E-8C40-4911-BBDB-FE5D967366A8}.Debug|Any CPU.Build.0 = Debug|Any CPU
		{5AEB6F2E-8C40-4911-BBDB-FE5D967366A8}.Release|Any CPU.ActiveCfg = Release|Any CPU
		{5AEB6F2E-8C40-4911-BBDB-FE5D967366A8}.Release|Any CPU.Build.0 = Release|Any CPU
	EndGlobalSection
	GlobalSection(SolutionProperties) = preSolution
		HideSolutionNode = FALSE
	EndGlobalSection
	GlobalSection(NestedProjects) = preSolution
		{858D3C30-B4C8-4C81-88E3-D569B61B0443} = {5DFE920E-1E91-43A1-A557-C06C8A418468}
		{5AEB6F2E-8C40-4911-BBDB-FE5D967366A8} = {5DFE920E-1E91-43A1-A557-C06C8A418468}
		{3B6CD84F-6327-46B6-91E1-5EB972BC60FE} = {5DFE920E-1E91-43A1-A557-C06C8A418468}
		{6C50A378-A707-4AB1-9587-4585239ACE2D} = {5DFE920E-1E91-43A1-A557-C06C8A418468}
	EndGlobalSection
	GlobalSection(ExtensibilityGlobals) = postSolution
		SolutionGuid = {5513FB44-8687-48CB-9085-8FD8C962CC85}
	EndGlobalSection
EndGlobal
